// !$*UTF8*$!
{
	archiveVersion = 1;
	classes = {
	};
	objectVersion = 46;
	objects = {

/* Begin PBXBuildFile section */
		782D2EE91D43953200D11719 /* Model.xcdatamodeld in Sources */ = {isa = PBXBuildFile; fileRef = 782D2EE71D43953200D11719 /* Model.xcdatamodeld */; };
		782D2EF01D439A2700D11719 /* Mention+CoreDataProperties.swift in Sources */ = {isa = PBXBuildFile; fileRef = 782D2EEA1D439A2700D11719 /* Mention+CoreDataProperties.swift */; };
		782D2EF11D439A2700D11719 /* Mention.swift in Sources */ = {isa = PBXBuildFile; fileRef = 782D2EEB1D439A2700D11719 /* Mention.swift */; };
		782D2EF21D439A2700D11719 /* Tweet+CoreDataProperties.swift in Sources */ = {isa = PBXBuildFile; fileRef = 782D2EEC1D439A2700D11719 /* Tweet+CoreDataProperties.swift */; };
		782D2EF31D439A2700D11719 /* Tweet.swift in Sources */ = {isa = PBXBuildFile; fileRef = 782D2EED1D439A2700D11719 /* Tweet.swift */; };
		782D2EF41D439A2700D11719 /* Query+CoreDataProperties.swift in Sources */ = {isa = PBXBuildFile; fileRef = 782D2EEE1D439A2700D11719 /* Query+CoreDataProperties.swift */; };
		782D2EF51D439A2700D11719 /* Query.swift in Sources */ = {isa = PBXBuildFile; fileRef = 782D2EEF1D439A2700D11719 /* Query.swift */; };
		782D2EF81D43C1DD00D11719 /* CountedMentionsTVC.swift in Sources */ = {isa = PBXBuildFile; fileRef = 782D2EF71D43C1DD00D11719 /* CountedMentionsTVC.swift */; };
		782D2EFA1D43C66900D11719 /* CoreDataTableViewController.swift in Sources */ = {isa = PBXBuildFile; fileRef = 782D2EF91D43C66900D11719 /* CoreDataTableViewController.swift */; };
		7836D3451D3FAAE800072210 /* AppDelegate.swift in Sources */ = {isa = PBXBuildFile; fileRef = 7836D3441D3FAAE800072210 /* AppDelegate.swift */; };
		7836D34A1D3FAAE800072210 /* Main.storyboard in Resources */ = {isa = PBXBuildFile; fileRef = 7836D3481D3FAAE800072210 /* Main.storyboard */; };
		7836D34C1D3FAAE800072210 /* Assets.xcassets in Resources */ = {isa = PBXBuildFile; fileRef = 7836D34B1D3FAAE800072210 /* Assets.xcassets */; };
		7836D34F1D3FAAE800072210 /* LaunchScreen.storyboard in Resources */ = {isa = PBXBuildFile; fileRef = 7836D34D1D3FAAE800072210 /* LaunchScreen.storyboard */; };
		7836D3601D3FAC4000072210 /* Twitter.framework in Frameworks */ = {isa = PBXBuildFile; fileRef = 7836D35F1D3FAC4000072210 /* Twitter.framework */; };
		7836D3631D3FAF1B00072210 /* TweetTableViewCell.swift in Sources */ = {isa = PBXBuildFile; fileRef = 7836D3621D3FAF1B00072210 /* TweetTableViewCell.swift */; };
		7836D3651D3FAF3000072210 /* TweetTableViewController.swift in Sources */ = {isa = PBXBuildFile; fileRef = 7836D3641D3FAF3000072210 /* TweetTableViewController.swift */; };
		7836D3671D3FC47E00072210 /* MentionsTableViewController.swift in Sources */ = {isa = PBXBuildFile; fileRef = 7836D3661D3FC47E00072210 /* MentionsTableViewController.swift */; };
		7836D3691D3FE9AC00072210 /* ImageTableViewCell.swift in Sources */ = {isa = PBXBuildFile; fileRef = 7836D3681D3FE9AC00072210 /* ImageTableViewCell.swift */; };
		7836D36D1D400D0200072210 /* ImageViewController.swift in Sources */ = {isa = PBXBuildFile; fileRef = 7836D36C1D400D0200072210 /* ImageViewController.swift */; };
		7836D36F1D40110E00072210 /* RecentQueriesTableViewController.swift in Sources */ = {isa = PBXBuildFile; fileRef = 7836D36E1D40110E00072210 /* RecentQueriesTableViewController.swift */; };
		7836D3711D40113700072210 /* RecentQueries.swift in Sources */ = {isa = PBXBuildFile; fileRef = 7836D3701D40113700072210 /* RecentQueries.swift */; };
/* End PBXBuildFile section */

/* Begin PBXFileReference section */
		782D2EE81D43953200D11719 /* Model.xcdatamodel */ = {isa = PBXFileReference; lastKnownFileType = wrapper.xcdatamodel; path = Model.xcdatamodel; sourceTree = "<group>"; };
		782D2EEA1D439A2700D11719 /* Mention+CoreDataProperties.swift */ = {isa = PBXFileReference; fileEncoding = 4; lastKnownFileType = sourcecode.swift; path = "Mention+CoreDataProperties.swift"; sourceTree = "<group>"; };
		782D2EEB1D439A2700D11719 /* Mention.swift */ = {isa = PBXFileReference; fileEncoding = 4; lastKnownFileType = sourcecode.swift; path = Mention.swift; sourceTree = "<group>"; };
		782D2EEC1D439A2700D11719 /* Tweet+CoreDataProperties.swift */ = {isa = PBXFileReference; fileEncoding = 4; lastKnownFileType = sourcecode.swift; path = "Tweet+CoreDataProperties.swift"; sourceTree = "<group>"; };
		782D2EED1D439A2700D11719 /* Tweet.swift */ = {isa = PBXFileReference; fileEncoding = 4; lastKnownFileType = sourcecode.swift; path = Tweet.swift; sourceTree = "<group>"; };
		782D2EEE1D439A2700D11719 /* Query+CoreDataProperties.swift */ = {isa = PBXFileReference; fileEncoding = 4; lastKnownFileType = sourcecode.swift; path = "Query+CoreDataProperties.swift"; sourceTree = "<group>"; };
		782D2EEF1D439A2700D11719 /* Query.swift */ = {isa = PBXFileReference; fileEncoding = 4; lastKnownFileType = sourcecode.swift; path = Query.swift; sourceTree = "<group>"; };
		782D2EF71D43C1DD00D11719 /* CountedMentionsTVC.swift */ = {isa = PBXFileReference; fileEncoding = 4; lastKnownFileType = sourcecode.swift; path = CountedMentionsTVC.swift; sourceTree = "<group>"; };
		782D2EF91D43C66900D11719 /* CoreDataTableViewController.swift */ = {isa = PBXFileReference; fileEncoding = 4; lastKnownFileType = sourcecode.swift; path = CoreDataTableViewController.swift; sourceTree = "<group>"; };
		7836D3411D3FAAE800072210 /* Smashtag.app */ = {isa = PBXFileReference; explicitFileType = wrapper.application; includeInIndex = 0; path = Smashtag.app; sourceTree = BUILT_PRODUCTS_DIR; };
		7836D3441D3FAAE800072210 /* AppDelegate.swift */ = {isa = PBXFileReference; lastKnownFileType = sourcecode.swift; path = AppDelegate.swift; sourceTree = "<group>"; };
		7836D3491D3FAAE800072210 /* Base */ = {isa = PBXFileReference; lastKnownFileType = file.storyboard; name = Base; path = Base.lproj/Main.storyboard; sourceTree = "<group>"; };
		7836D34B1D3FAAE800072210 /* Assets.xcassets */ = {isa = PBXFileReference; lastKnownFileType = folder.assetcatalog; path = Assets.xcassets; sourceTree = "<group>"; };
		7836D34E1D3FAAE800072210 /* Base */ = {isa = PBXFileReference; lastKnownFileType = file.storyboard; name = Base; path = Base.lproj/LaunchScreen.storyboard; sourceTree = "<group>"; };
		7836D3501D3FAAE800072210 /* Info.plist */ = {isa = PBXFileReference; lastKnownFileType = text.plist.xml; path = Info.plist; sourceTree = "<group>"; };
		7836D35F1D3FAC4000072210 /* Twitter.framework */ = {isa = PBXFileReference; lastKnownFileType = wrapper.framework; name = Twitter.framework; path = "../../../../../Library/Developer/Xcode/DerivedData/Smashtag_Mentions-eauweiitpbzwzubuifsjdvzyopbw/Build/Products/Debug-iphoneos/Twitter.framework"; sourceTree = "<group>"; };
		7836D3621D3FAF1B00072210 /* TweetTableViewCell.swift */ = {isa = PBXFileReference; fileEncoding = 4; lastKnownFileType = sourcecode.swift; path = TweetTableViewCell.swift; sourceTree = "<group>"; };
		7836D3641D3FAF3000072210 /* TweetTableViewController.swift */ = {isa = PBXFileReference; fileEncoding = 4; lastKnownFileType = sourcecode.swift; path = TweetTableViewController.swift; sourceTree = "<group>"; };
		7836D3661D3FC47E00072210 /* MentionsTableViewController.swift */ = {isa = PBXFileReference; fileEncoding = 4; lastKnownFileType = sourcecode.swift; path = MentionsTableViewController.swift; sourceTree = "<group>"; };
		7836D3681D3FE9AC00072210 /* ImageTableViewCell.swift */ = {isa = PBXFileReference; fileEncoding = 4; lastKnownFileType = sourcecode.swift; path = ImageTableViewCell.swift; sourceTree = "<group>"; };
		7836D36C1D400D0200072210 /* ImageViewController.swift */ = {isa = PBXFileReference; fileEncoding = 4; lastKnownFileType = sourcecode.swift; path = ImageViewController.swift; sourceTree = "<group>"; };
		7836D36E1D40110E00072210 /* RecentQueriesTableViewController.swift */ = {isa = PBXFileReference; fileEncoding = 4; lastKnownFileType = sourcecode.swift; path = RecentQueriesTableViewController.swift; sourceTree = "<group>"; };
		7836D3701D40113700072210 /* RecentQueries.swift */ = {isa = PBXFileReference; fileEncoding = 4; lastKnownFileType = sourcecode.swift; path = RecentQueries.swift; sourceTree = "<group>"; };
/* End PBXFileReference section */

/* Begin PBXFrameworksBuildPhase section */
		7836D33E1D3FAAE800072210 /* Frameworks */ = {
			isa = PBXFrameworksBuildPhase;
			buildActionMask = 2147483647;
			files = (
				7836D3601D3FAC4000072210 /* Twitter.framework in Frameworks */,
			);
			runOnlyForDeploymentPostprocessing = 0;
		};
/* End PBXFrameworksBuildPhase section */

/* Begin PBXGroup section */
		782D2EF61D439ACC00D11719 /* Core Data */ = {
			isa = PBXGroup;
			children = (
				782D2EF91D43C66900D11719 /* CoreDataTableViewController.swift */,
				782D2EEA1D439A2700D11719 /* Mention+CoreDataProperties.swift */,
				782D2EEB1D439A2700D11719 /* Mention.swift */,
				782D2EEC1D439A2700D11719 /* Tweet+CoreDataProperties.swift */,
				782D2EED1D439A2700D11719 /* Tweet.swift */,
				782D2EEE1D439A2700D11719 /* Query+CoreDataProperties.swift */,
				782D2EEF1D439A2700D11719 /* Query.swift */,
				782D2EE71D43953200D11719 /* Model.xcdatamodeld */,
			);
			name = "Core Data";
			sourceTree = "<group>";
		};
		7836D3381D3FAAE800072210 = {
			isa = PBXGroup;
			children = (
				7836D35F1D3FAC4000072210 /* Twitter.framework */,
				7836D3431D3FAAE800072210 /* Smashtag */,
				7836D3611D3FAC9500072210 /* Supporting files */,
				7836D3421D3FAAE800072210 /* Products */,
			);
			sourceTree = "<group>";
		};
		7836D3421D3FAAE800072210 /* Products */ = {
			isa = PBXGroup;
			children = (
				7836D3411D3FAAE800072210 /* Smashtag.app */,
			);
			name = Products;
			sourceTree = "<group>";
		};
		7836D3431D3FAAE800072210 /* Smashtag */ = {
			isa = PBXGroup;
			children = (
				782D2EF61D439ACC00D11719 /* Core Data */,
				7836D3481D3FAAE800072210 /* Main.storyboard */,
				7836D3621D3FAF1B00072210 /* TweetTableViewCell.swift */,
				7836D3681D3FE9AC00072210 /* ImageTableViewCell.swift */,
				7836D36E1D40110E00072210 /* RecentQueriesTableViewController.swift */,
				7836D3661D3FC47E00072210 /* MentionsTableViewController.swift */,
				782D2EF71D43C1DD00D11719 /* CountedMentionsTVC.swift */,
				7836D36C1D400D0200072210 /* ImageViewController.swift */,
				7836D3641D3FAF3000072210 /* TweetTableViewController.swift */,
				7836D3701D40113700072210 /* RecentQueries.swift */,
			);
			path = Smashtag;
			sourceTree = "<group>";
		};
		7836D3611D3FAC9500072210 /* Supporting files */ = {
			isa = PBXGroup;
			children = (
				7836D3441D3FAAE800072210 /* AppDelegate.swift */,
				7836D34B1D3FAAE800072210 /* Assets.xcassets */,
				7836D34D1D3FAAE800072210 /* LaunchScreen.storyboard */,
				7836D3501D3FAAE800072210 /* Info.plist */,
			);
			name = "Supporting files";
			path = Smashtag;
			sourceTree = "<group>";
		};
/* End PBXGroup section */

/* Begin PBXNativeTarget section */
		7836D3401D3FAAE800072210 /* Smashtag */ = {
			isa = PBXNativeTarget;
			buildConfigurationList = 7836D3531D3FAAE800072210 /* Build configuration list for PBXNativeTarget "Smashtag" */;
			buildPhases = (
				7836D33D1D3FAAE800072210 /* Sources */,
				7836D33E1D3FAAE800072210 /* Frameworks */,
				7836D33F1D3FAAE800072210 /* Resources */,
			);
			buildRules = (
			);
			dependencies = (
			);
			name = Smashtag;
			productName = Smashtag;
			productReference = 7836D3411D3FAAE800072210 /* Smashtag.app */;
			productType = "com.apple.product-type.application";
		};
/* End PBXNativeTarget section */

/* Begin PBXProject section */
		7836D3391D3FAAE800072210 /* Project object */ = {
			isa = PBXProject;
			attributes = {
				LastSwiftUpdateCheck = 0730;
				LastUpgradeCheck = 0730;
				ORGANIZATIONNAME = self.edu;
				TargetAttributes = {
					7836D3401D3FAAE800072210 = {
						CreatedOnToolsVersion = 7.3.1;
						DevelopmentTeam = PBK2PRY5LG;
					};
				};
			};
			buildConfigurationList = 7836D33C1D3FAAE800072210 /* Build configuration list for PBXProject "Smashtag" */;
			compatibilityVersion = "Xcode 3.2";
			developmentRegion = English;
			hasScannedForEncodings = 0;
			knownRegions = (
				en,
				Base,
			);
			mainGroup = 7836D3381D3FAAE800072210;
			productRefGroup = 7836D3421D3FAAE800072210 /* Products */;
			projectDirPath = "";
			projectRoot = "";
			targets = (
				7836D3401D3FAAE800072210 /* Smashtag */,
			);
		};
/* End PBXProject section */

/* Begin PBXResourcesBuildPhase section */
		7836D33F1D3FAAE800072210 /* Resources */ = {
			isa = PBXResourcesBuildPhase;
			buildActionMask = 2147483647;
			files = (
				7836D34F1D3FAAE800072210 /* LaunchScreen.storyboard in Resources */,
				7836D34C1D3FAAE800072210 /* Assets.xcassets in Resources */,
				7836D34A1D3FAAE800072210 /* Main.storyboard in Resources */,
			);
			runOnlyForDeploymentPostprocessing = 0;
		};
/* End PBXResourcesBuildPhase section */

/* Begin PBXSourcesBuildPhase section */
		7836D33D1D3FAAE800072210 /* Sources */ = {
			isa = PBXSourcesBuildPhase;
			buildActionMask = 2147483647;
			files = (
				782D2EF41D439A2700D11719 /* Query+CoreDataProperties.swift in Sources */,
				7836D36F1D40110E00072210 /* RecentQueriesTableViewController.swift in Sources */,
				782D2EF21D439A2700D11719 /* Tweet+CoreDataProperties.swift in Sources */,
				7836D3671D3FC47E00072210 /* MentionsTableViewController.swift in Sources */,
				7836D3651D3FAF3000072210 /* TweetTableViewController.swift in Sources */,
				7836D3691D3FE9AC00072210 /* ImageTableViewCell.swift in Sources */,
				782D2EF31D439A2700D11719 /* Tweet.swift in Sources */,
				7836D36D1D400D0200072210 /* ImageViewController.swift in Sources */,
				782D2EE91D43953200D11719 /* Model.xcdatamodeld in Sources */,
				7836D3451D3FAAE800072210 /* AppDelegate.swift in Sources */,
				782D2EF51D439A2700D11719 /* Query.swift in Sources */,
				782D2EFA1D43C66900D11719 /* CoreDataTableViewController.swift in Sources */,
				782D2EF11D439A2700D11719 /* Mention.swift in Sources */,
				7836D3711D40113700072210 /* RecentQueries.swift in Sources */,
				782D2EF01D439A2700D11719 /* Mention+CoreDataProperties.swift in Sources */,
				7836D3631D3FAF1B00072210 /* TweetTableViewCell.swift in Sources */,
				782D2EF81D43C1DD00D11719 /* CountedMentionsTVC.swift in Sources */,
			);
			runOnlyForDeploymentPostprocessing = 0;
		};
/* End PBXSourcesBuildPhase section */

/* Begin PBXVariantGroup section */
		7836D3481D3FAAE800072210 /* Main.storyboard */ = {
			isa = PBXVariantGroup;
			children = (
				7836D3491D3FAAE800072210 /* Base */,
			);
			name = Main.storyboard;
			sourceTree = "<group>";
		};
		7836D34D1D3FAAE800072210 /* LaunchScreen.storyboard */ = {
			isa = PBXVariantGroup;
			children = (
				7836D34E1D3FAAE800072210 /* Base */,
			);
			name = LaunchScreen.storyboard;
			sourceTree = "<group>";
		};
/* End PBXVariantGroup section */

/* Begin XCBuildConfiguration section */
		7836D3511D3FAAE800072210 /* Debug */ = {
			isa = XCBuildConfiguration;
			buildSettings = {
				ALWAYS_SEARCH_USER_PATHS = NO;
				CLANG_ANALYZER_NONNULL = YES;
				CLANG_CXX_LANGUAGE_STANDARD = "gnu++0x";
				CLANG_CXX_LIBRARY = "libc++";
				CLANG_ENABLE_MODULES = YES;
				CLANG_ENABLE_OBJC_ARC = YES;
				CLANG_WARN_BOOL_CONVERSION = YES;
				CLANG_WARN_CONSTANT_CONVERSION = YES;
				CLANG_WARN_DIRECT_OBJC_ISA_USAGE = YES_ERROR;
				CLANG_WARN_EMPTY_BODY = YES;
				CLANG_WARN_ENUM_CONVERSION = YES;
				CLANG_WARN_INT_CONVERSION = YES;
				CLANG_WARN_OBJC_ROOT_CLASS = YES_ERROR;
				CLANG_WARN_UNREACHABLE_CODE = YES;
				CLANG_WARN__DUPLICATE_METHOD_MATCH = YES;
				"CODE_SIGN_IDENTITY[sdk=iphoneos*]" = "iPhone Developer";
				COPY_PHASE_STRIP = NO;
				DEBUG_INFORMATION_FORMAT = dwarf;
				ENABLE_STRICT_OBJC_MSGSEND = YES;
				ENABLE_TESTABILITY = YES;
				GCC_C_LANGUAGE_STANDARD = gnu99;
				GCC_DYNAMIC_NO_PIC = NO;
				GCC_NO_COMMON_BLOCKS = YES;
				GCC_OPTIMIZATION_LEVEL = 0;
				GCC_PREPROCESSOR_DEFINITIONS = (
					"DEBUG=1",
					"$(inherited)",
				);
				GCC_WARN_64_TO_32_BIT_CONVERSION = YES;
				GCC_WARN_ABOUT_RETURN_TYPE = YES_ERROR;
				GCC_WARN_UNDECLARED_SELECTOR = YES;
				GCC_WARN_UNINITIALIZED_AUTOS = YES_AGGRESSIVE;
				GCC_WARN_UNUSED_FUNCTION = YES;
				GCC_WARN_UNUSED_VARIABLE = YES;
				IPHONEOS_DEPLOYMENT_TARGET = 9.3;
				MTL_ENABLE_DEBUG_INFO = YES;
				ONLY_ACTIVE_ARCH = YES;
				SDKROOT = iphoneos;
				SWIFT_OPTIMIZATION_LEVEL = "-Onone";
			};
			name = Debug;
		};
		7836D3521D3FAAE800072210 /* Release */ = {
			isa = XCBuildConfiguration;
			buildSettings = {
				ALWAYS_SEARCH_USER_PATHS = NO;
				CLANG_ANALYZER_NONNULL = YES;
				CLANG_CXX_LANGUAGE_STANDARD = "gnu++0x";
				CLANG_CXX_LIBRARY = "libc++";
				CLANG_ENABLE_MODULES = YES;
				CLANG_ENABLE_OBJC_ARC = YES;
				CLANG_WARN_BOOL_CONVERSION = YES;
				CLANG_WARN_CONSTANT_CONVERSION = YES;
				CLANG_WARN_DIRECT_OBJC_ISA_USAGE = YES_ERROR;
				CLANG_WARN_EMPTY_BODY = YES;
				CLANG_WARN_ENUM_CONVERSION = YES;
				CLANG_WARN_INT_CONVERSION = YES;
				CLANG_WARN_OBJC_ROOT_CLASS = YES_ERROR;
				CLANG_WARN_UNREACHABLE_CODE = YES;
				CLANG_WARN__DUPLICATE_METHOD_MATCH = YES;
				"CODE_SIGN_IDENTITY[sdk=iphoneos*]" = "iPhone Developer";
				COPY_PHASE_STRIP = NO;
				DEBUG_INFORMATION_FORMAT = "dwarf-with-dsym";
				ENABLE_NS_ASSERTIONS = NO;
				ENABLE_STRICT_OBJC_MSGSEND = YES;
				GCC_C_LANGUAGE_STANDARD = gnu99;
				GCC_NO_COMMON_BLOCKS = YES;
				GCC_WARN_64_TO_32_BIT_CONVERSION = YES;
				GCC_WARN_ABOUT_RETURN_TYPE = YES_ERROR;
				GCC_WARN_UNDECLARED_SELECTOR = YES;
				GCC_WARN_UNINITIALIZED_AUTOS = YES_AGGRESSIVE;
				GCC_WARN_UNUSED_FUNCTION = YES;
				GCC_WARN_UNUSED_VARIABLE = YES;
				IPHONEOS_DEPLOYMENT_TARGET = 9.3;
				MTL_ENABLE_DEBUG_INFO = NO;
				SDKROOT = iphoneos;
				VALIDATE_PRODUCT = YES;
			};
			name = Release;
		};
		7836D3541D3FAAE800072210 /* Debug */ = {
			isa = XCBuildConfiguration;
			buildSettings = {
				ASSETCATALOG_COMPILER_APPICON_NAME = AppIcon;
				INFOPLIST_FILE = Smashtag/Info.plist;
				LD_RUNPATH_SEARCH_PATHS = "$(inherited) @executable_path/Frameworks";
				PRODUCT_BUNDLE_IDENTIFIER = "Kanstantsin-Linou.Smashtag";
				PRODUCT_NAME = "$(TARGET_NAME)";
			};
			name = Debug;
		};
		7836D3551D3FAAE800072210 /* Release */ = {
			isa = XCBuildConfiguration;
			buildSettings = {
				ASSETCATALOG_COMPILER_APPICON_NAME = AppIcon;
				INFOPLIST_FILE = Smashtag/Info.plist;
				LD_RUNPATH_SEARCH_PATHS = "$(inherited) @executable_path/Frameworks";
				PRODUCT_BUNDLE_IDENTIFIER = "Kanstantsin-Linou.Smashtag";
				PRODUCT_NAME = "$(TARGET_NAME)";
			};
			name = Release;
		};
/* End XCBuildConfiguration section */

/* Begin XCConfigurationList section */
		7836D33C1D3FAAE800072210 /* Build configuration list for PBXProject "Smashtag" */ = {
			isa = XCConfigurationList;
			buildConfigurations = (
				7836D3511D3FAAE800072210 /* Debug */,
				7836D3521D3FAAE800072210 /* Release */,
			);
			defaultConfigurationIsVisible = 0;
			defaultConfigurationName = Release;
		};
		7836D3531D3FAAE800072210 /* Build configuration list for PBXNativeTarget "Smashtag" */ = {
			isa = XCConfigurationList;
			buildConfigurations = (
				7836D3541D3FAAE800072210 /* Debug */,
				7836D3551D3FAAE800072210 /* Release */,
			);
			defaultConfigurationIsVisible = 0;
			defaultConfigurationName = Release;
		};
/* End XCConfigurationList section */

/* Begin XCVersionGroup section */
		782D2EE71D43953200D11719 /* Model.xcdatamodeld */ = {
			isa = XCVersionGroup;
			children = (
				782D2EE81D43953200D11719 /* Model.xcdatamodel */,
			);
			currentVersion = 782D2EE81D43953200D11719 /* Model.xcdatamodel */;
			path = Model.xcdatamodeld;
			sourceTree = "<group>";
			versionGroupType = wrapper.xcdatamodel;
		};
/* End XCVersionGroup section */
	};
	rootObject = 7836D3391D3FAAE800072210 /* Project object */;
}
